
Microsoft Visual Studio Solution File, Format Version 12.00
# Visual Studio 14
VisualStudioVersion = 14.0.25420.1
MinimumVisualStudioVersion = 10.0.40219.1
Project("{FAE04EC0-301F-11D3-BF4B-00C04F79EFBC}") = "ChampagneBottle", "src\ChampagneBottle.csproj", "{3080417C-804B-441F-B8DE-91D599A9B853}"
EndProject
Project("{2150E333-8FDC-42A3-9474-1A3956D46DE8}") = "SolutionFolder", "SolutionFolder", "{A2576C94-F302-4A3B-B714-84C6113E928F}"
	ProjectSection(SolutionItems) = preProject
		buildRelease.bat = buildRelease.bat
		ChampagneBottle.version = ChampagneBottle.version
		CHANGELOG.txt = CHANGELOG.txt
		deploy.bat = deploy.bat
		License.txt = License.txt
		README.md = README.md
	EndProjectSection
EndProject
Global
	GlobalSection(SolutionConfigurationPlatforms) = preSolution
		Debug|Any CPU = Debug|Any CPU
		Release|Any CPU = Release|Any CPU
	EndGlobalSection
	GlobalSection(ProjectConfigurationPlatforms) = postSolution
		{3080417C-804B-441F-B8DE-91D599A9B853}.Debug|Any CPU.ActiveCfg = Debug|Any CPU
		{3080417C-804B-441F-B8DE-91D599A9B853}.Debug|Any CPU.Build.0 = Debug|Any CPU
		{3080417C-804B-441F-B8DE-91D599A9B853}.Release|Any CPU.ActiveCfg = Release|Any CPU
		{3080417C-804B-441F-B8DE-91D599A9B853}.Release|Any CPU.Build.0 = Release|Any CPU
	EndGlobalSection
	GlobalSection(SolutionProperties) = preSolution
		HideSolutionNode = FALSE
	EndGlobalSection
EndGlobal
